
Microsoft Visual Studio Solution File, Format Version 12.00
# Visual Studio 14
VisualStudioVersion = 14.0.24720.0
MinimumVisualStudioVersion = 10.0.40219.1
Project("{FAE04EC0-301F-11D3-BF4B-00C04F79EFBC}") = "AarhusWebDev", "AarhusWebDev\AarhusWebDev.csproj", "{B61DE126-EFA2-4752-A7B3-966EA70F5C12}"
EndProject
Global
	GlobalSection(SolutionConfigurationPlatforms) = preSolution
		Debug|Any CPU = Debug|Any CPU
		Release|Any CPU = Release|Any CPU
	EndGlobalSection
	GlobalSection(ProjectConfigurationPlatforms) = postSolution
		{B61DE126-EFA2-4752-A7B3-966EA70F5C12}.Debug|Any CPU.ActiveCfg = Debug|Any CPU
		{B61DE126-EFA2-4752-A7B3-966EA70F5C12}.Debug|Any CPU.Build.0 = Debug|Any CPU
		{B61DE126-EFA2-4752-A7B3-966EA70F5C12}.Release|Any CPU.ActiveCfg = Release|Any CPU
		{B61DE126-EFA2-4752-A7B3-966EA70F5C12}.Release|Any CPU.Build.0 = Release|Any CPU
	EndGlobalSection
	GlobalSection(SolutionProperties) = preSolution
		HideSolutionNode = FALSE
	EndGlobalSection
EndGlobal
